<?xml version="1.0" encoding="utf-8"?>
<Project ToolsVersion="4.0" xmlns="http://schemas.microsoft.com/developer/msbuild/2003">
  <ItemGroup>
    <Filter Include="Assets">
      <UniqueIdentifier>6ec901b1-143f-443d-ad17-b121362b06b0</UniqueIdentifier>
      <Extensions>ico;cur;bmp;dds;dlg;fbx;rct;bin;rgs;gif;jpg;jpeg;jpe;resx;tga;tiff;tif;png;wav;mfcribbon-ms</Extensions>
    </Filter>
    <Filter Include="Config">
      <UniqueIdentifier>{a0034a97-ab0a-4b02-9196-ded993123651}</UniqueIdentifier>
    </Filter>
    <Filter Include="Filesystem">
      <UniqueIdentifier>{bcbdf428-3a00-4135-94d1-ddd69ca4d3be}</UniqueIdentifier>
    </Filter>
    <Filter Include="GUI">
      <UniqueIdentifier>{a63a9288-0b2a-4052-a556-095f908cc277}</UniqueIdentifier>
    </Filter>
    <Filter Include="Utility">
      <UniqueIdentifier>{07a6c8a6-b62a-4d4b-b76a-7eac2b9fc439}</UniqueIdentifier>
    </Filter>
    <Filter Include="Utility\Serialization">
      <UniqueIdentifier>{08498aa7-1838-4265-93e3-fe183e361bcc}</UniqueIdentifier>
    </Filter>
    <Filter Include="World">
      <UniqueIdentifier>{0988f6f3-042f-45de-8314-0bc9ab07cf31}</UniqueIdentifier>
    </Filter>
    <Filter Include="GUI\Component">
      <UniqueIdentifier>{e4dad10e-7aec-4ded-8815-e94c0b9c85bb}</UniqueIdentifier>
    </Filter>
    <Filter Include="GUI\System">
      <UniqueIdentifier>{18b14c70-5d33-4e93-8254-51a357cbc3de}</UniqueIdentifier>
    </Filter>
    <Filter Include="ECS">
      <UniqueIdentifier>{685d10bf-9aec-4ce3-a249-673e25bb22dc}</UniqueIdentifier>
    </Filter>
    <Filter Include="Assets\Component">
      <UniqueIdentifier>{f3a669be-682d-4cdd-b207-654c5b2ca969}</UniqueIdentifier>
    </Filter>
    <Filter Include="World\Component">
      <UniqueIdentifier>{4150576b-b7a0-424e-b96a-08926646b170}</UniqueIdentifier>
    </Filter>
    <Filter Include="World\System">
      <UniqueIdentifier>{a7ef02a3-7c21-49bc-91b0-981389588382}</UniqueIdentifier>
    </Filter>
    <Filter Include="Utility\Procedural">
      <UniqueIdentifier>{72e5b9a6-abb7-4b23-9070-6ba0b5f7ed50}</UniqueIdentifier>
    </Filter>
    <Filter Include="Utility\Data">
      <UniqueIdentifier>{c424c3d3-0a17-48da-8801-a3bfdc0aeebb}</UniqueIdentifier>
    </Filter>
    <Filter Include="Utility\Math">
      <UniqueIdentifier>{deee920d-af1a-44c3-982e-f1c5b5a81a5a}</UniqueIdentifier>
    </Filter>
    <Filter Include="VS">
      <UniqueIdentifier>{752d9951-0abb-442b-bbdd-d4bfa7aa4b03}</UniqueIdentifier>
    </Filter>
    <Filter Include="DirectXTK">
      <UniqueIdentifier>{bb1fdb15-a4ef-4a5f-8256-79596a58a1b8}</UniqueIdentifier>
    </Filter>
    <Filter Include="Misc">
      <UniqueIdentifier>{ff1d7ec9-226a-4911-846f-4e7d90cc2d09}</UniqueIdentifier>
    </Filter>
    <Filter Include="World\Erosion">
      <UniqueIdentifier>{2219550b-d286-4105-b484-2b7184c72a03}</UniqueIdentifier>
    </Filter>
    <Filter Include="Assets\Textures">
      <UniqueIdentifier>{4528db37-5026-4770-b8bc-da90a4383f75}</UniqueIdentifier>
    </Filter>
    <Filter Include="Assets\Models">
      <UniqueIdentifier>{1b6b32fb-6beb-42a6-ae40-5b156c1af3d7}</UniqueIdentifier>
    </Filter>
    <Filter Include="Assets\Shaders">
      <UniqueIdentifier>{4193cb6b-1cd8-46be-b2c7-a128ba331711}</UniqueIdentifier>
    </Filter>
    <Filter Include="World\Generator">
      <UniqueIdentifier>{11967537-a078-4379-a3a7-ef5fe0dc0b5c}</UniqueIdentifier>
    </Filter>
    <Filter Include="World\Generator\Tree">
      <UniqueIdentifier>{0d89c84e-6baf-4ce9-8f12-db9c19a748ce}</UniqueIdentifier>
    </Filter>
    <Filter Include="Utility\Geometry">
      <UniqueIdentifier>{ac93e48b-0697-4315-82a6-c93c940a530c}</UniqueIdentifier>
    </Filter>
    <Filter Include="Events">
      <UniqueIdentifier>{41e63228-b4fe-4146-b46d-98f6069059fc}</UniqueIdentifier>
    </Filter>
    <Filter Include="World\Generator\Building">
      <UniqueIdentifier>{97760ea1-03e6-4512-914c-f1b032a2f189}</UniqueIdentifier>
    </Filter>
    <Filter Include="Threading">
      <UniqueIdentifier>{608aa36f-10e7-41b2-a46d-6622740c5e4b}</UniqueIdentifier>
    </Filter>
  </ItemGroup>
  <ItemGroup>
    <ClInclude Include="pch.h" />
    <ClInclude Include="Game.h" />
    <ClInclude Include="Filesystem.h">
      <Filter>Filesystem</Filter>
    </ClInclude>
    <ClInclude Include="Position.h">
      <Filter>World\Component</Filter>
    </ClInclude>
    <ClInclude Include="Terrain.h">
      <Filter>World\Component</Filter>
    </ClInclude>
    <ClInclude Include="TerrainSystem.h">
      <Filter>World\System</Filter>
    </ClInclude>
    <ClInclude Include="VBO.h">
      <Filter>World\Component</Filter>
    </ClInclude>
    <ClInclude Include="Player.h">
      <Filter>World\Component</Filter>
    </ClInclude>
    <ClInclude Include="PlayerSystem.h">
      <Filter>World\System</Filter>
    </ClInclude>
    <ClInclude Include="RenderSystem.h">
      <Filter>World\System</Filter>
    </ClInclude>
    <ClInclude Include="MovementSystem.h">
      <Filter>World\System</Filter>
    </ClInclude>
    <ClInclude Include="Movement.h">
      <Filter>World\Component</Filter>
    </ClInclude>
    <ClInclude Include="Road.h">
      <Filter>World\Component</Filter>
    </ClInclude>
    <ClInclude Include="Droplet.h">
      <Filter>World\Erosion</Filter>
    </ClInclude>
    <ClInclude Include="ThermalCell.h">
      <Filter>World\Erosion</Filter>
    </ClInclude>
    <ClInclude Include="WaterCell.h">
      <Filter>World\Erosion</Filter>
    </ClInclude>
    <ClInclude Include="Tag.h">
      <Filter>World\Component</Filter>
    </ClInclude>
    <ClInclude Include="Model.h">
      <Filter>World\Component</Filter>
    </ClInclude>
    <ClInclude Include="GuiEntityManager.h">
      <Filter>GUI</Filter>
    </ClInclude>
    <ClInclude Include="ConversionUtil.h">
      <Filter>Utility</Filter>
    </ClInclude>
    <ClInclude Include="Utility.h">
      <Filter>Utility</Filter>
    </ClInclude>
    <ClInclude Include="WorldSystem.h">
      <Filter>World\System</Filter>
    </ClInclude>
    <ClInclude Include="ISerialization.h">
      <Filter>Utility\Serialization</Filter>
    </ClInclude>
    <ClInclude Include="JSON.h">
      <Filter>Utility\Serialization</Filter>
    </ClInclude>
    <ClInclude Include="JsonParser.h">
      <Filter>Utility\Serialization</Filter>
    </ClInclude>
    <ClInclude Include="Delegate.h">
      <Filter>World\Component</Filter>
    </ClInclude>
    <ClInclude Include="PositionNormalTextureVBO.h">
      <Filter>World\Component</Filter>
    </ClInclude>
    <ClInclude Include="GuiEventHandler.h">
      <Filter>GUI\Component</Filter>
    </ClInclude>
    <ClInclude Include="GuiPanel.h">
      <Filter>GUI\Component</Filter>
    </ClInclude>
    <ClInclude Include="GuiStyle.h">
      <Filter>GUI\Component</Filter>
    </ClInclude>
    <ClInclude Include="GuiText.h">
      <Filter>GUI\Component</Filter>
    </ClInclude>
    <ClInclude Include="Sprite.h">
      <Filter>GUI\Component</Filter>
    </ClInclude>
    <ClInclude Include="GuiChildren.h">
      <Filter>GUI\Component</Filter>
    </ClInclude>
    <ClInclude Include="GuiSystem.h">
      <Filter>GUI\System</Filter>
    </ClInclude>
    <ClInclude Include="BaseEntityManager.h">
      <Filter>ECS</Filter>
    </ClInclude>
    <ClInclude Include="Entity.h">
      <Filter>ECS</Filter>
    </ClInclude>
    <ClInclude Include="Component.h">
      <Filter>ECS</Filter>
    </ClInclude>
    <ClInclude Include="PersistenceEntityManager.h">
      <Filter>ECS</Filter>
    </ClInclude>
    <ClInclude Include="WorldEntityManager.h">
      <Filter>World</Filter>
    </ClInclude>
    <ClInclude Include="SystemManager.h">
      <Filter>ECS</Filter>
    </ClInclude>
    <ClInclude Include="System.h">
      <Filter>ECS</Filter>
    </ClInclude>
    <ClInclude Include="ModelAsset.h">
      <Filter>Assets\Component</Filter>
    </ClInclude>
    <ClInclude Include="AssetManager.h">
      <Filter>Assets</Filter>
    </ClInclude>
    <ClInclude Include="AssetEntityManager.h">
      <Filter>Assets</Filter>
    </ClInclude>
    <ClInclude Include="NameGenerator.h">
      <Filter>Utility\Procedural</Filter>
    </ClInclude>
    <ClInclude Include="ProUtil.h">
      <Filter>Utility\Procedural</Filter>
    </ClInclude>
    <ClInclude Include="Bezier.h">
      <Filter>Utility\Math</Filter>
    </ClInclude>
    <ClInclude Include="MathConstants.h">
      <Filter>Utility\Math</Filter>
    </ClInclude>
    <ClInclude Include="Map.h">
      <Filter>Utility\Data</Filter>
    </ClInclude>
    <ClInclude Include="HeightMap.h">
      <Filter>Utility\Data</Filter>
    </ClInclude>
    <ClInclude Include="TopologyCruncher.h">
      <Filter>Utility\Procedural</Filter>
    </ClInclude>
    <ClInclude Include="VboParser.h">
      <Filter>Utility\Serialization</Filter>
    </ClInclude>
    <ClInclude Include="resource1.h">
      <Filter>VS</Filter>
    </ClInclude>
    <ClInclude Include="StepTimer.h">
      <Filter>DirectXTK</Filter>
    </ClInclude>
    <ClInclude Include="ReadData.h">
      <Filter>DirectXTK</Filter>
    </ClInclude>
    <ClInclude Include="TaskThread.h">
      <Filter>Misc</Filter>
    </ClInclude>
    <ClInclude Include="ModelManager.h">
      <Filter>Misc</Filter>
    </ClInclude>
    <ClInclude Include="TreeGenerator.h">
      <Filter>World\Generator\Tree</Filter>
    </ClInclude>
    <ClInclude Include="TreeBranch.h">
      <Filter>World\Generator\Tree</Filter>
    </ClInclude>
    <ClInclude Include="ActionSystem.h">
      <Filter>World\System</Filter>
    </ClInclude>
    <ClInclude Include="Action.h">
      <Filter>World\Component</Filter>
    </ClInclude>
    <ClInclude Include="Box.h">
      <Filter>Utility\Geometry</Filter>
    </ClInclude>
    <ClInclude Include="Line.h">
      <Filter>Utility\Geometry</Filter>
    </ClInclude>
    <ClInclude Include="CubicSpline.h">
      <Filter>Utility\Math</Filter>
    </ClInclude>
    <ClInclude Include="IEventManager.h">
      <Filter>Events</Filter>
    </ClInclude>
    <ClInclude Include="EventManager.h">
      <Filter>Events</Filter>
    </ClInclude>
    <ClInclude Include="EventHandler.h">
      <Filter>Events</Filter>
    </ClInclude>
    <ClInclude Include="EntityRegion.h">
      <Filter>World\Component</Filter>
    </ClInclude>
    <ClInclude Include="Collision.h">
      <Filter>World\Component</Filter>
    </ClInclude>
    <ClInclude Include="CollisionSystem.h">
      <Filter>World\System</Filter>
    </ClInclude>
    <ClInclude Include="CustomEffect.h" />
    <ClInclude Include="SoundSystem.h">
      <Filter>World\System</Filter>
    </ClInclude>
    <ClInclude Include="SoundAsset.h">
      <Filter>Assets\Component</Filter>
    </ClInclude>
    <ClInclude Include="BuildingGenerator.h">
      <Filter>World\Generator\Building</Filter>
    </ClInclude>
    <ClInclude Include="BuildingVoxel.h">
      <Filter>World\Generator\Building</Filter>
    </ClInclude>
    <ClInclude Include="Building.h">
      <Filter>World\Component</Filter>
    </ClInclude>
    <ClInclude Include="Room.h">
      <Filter>World\Generator\Building</Filter>
    </ClInclude>
    <ClInclude Include="Rectangle.h">
      <Filter>World\Generator\Building</Filter>
    </ClInclude>
    <ClInclude Include="BuildingSystem.h">
      <Filter>World\System</Filter>
    </ClInclude>
    <ClInclude Include="PathID.h">
      <Filter>Assets\Component</Filter>
    </ClInclude>
    <ClInclude Include="CompositeModel.h" />
    <ClInclude Include="Geometry.h">
      <Filter>Utility\Geometry</Filter>
    </ClInclude>
    <ClInclude Include="Task.h">
      <Filter>Threading</Filter>
    </ClInclude>
    <ClInclude Include="TaskManager.h">
      <Filter>Threading</Filter>
    </ClInclude>
    <ClInclude Include="WorkerThread.h">
      <Filter>Threading</Filter>
    </ClInclude>
    <ClInclude Include="World.h">
      <Filter>World</Filter>
    </ClInclude>
    <ClInclude Include="Item.h">
      <Filter>Assets\Component</Filter>
    </ClInclude>
    <ClInclude Include="Inventory.h">
      <Filter>World\Component</Filter>
    </ClInclude>
    <ClInclude Include="ItemSystem.h">
      <Filter>World\System</Filter>
    </ClInclude>
    <ClInclude Include="PositionNormalTextureTangentColorVBO.h" />
    <ClInclude Include="PlantSystem.h" />
    <ClInclude Include="CustomModelLoadVBO.h">
      <Filter>Utility\Serialization</Filter>
    </ClInclude>
  </ItemGroup>
  <ItemGroup>
    <ClCompile Include="pch.cpp" />
    <ClCompile Include="Game.cpp" />
    <ClCompile Include="Main.cpp" />
    <ClCompile Include="Filesystem.cpp">
      <Filter>Filesystem</Filter>
    </ClCompile>
    <ClCompile Include="Position.cpp">
      <Filter>World\Component</Filter>
    </ClCompile>
    <ClCompile Include="Terrain.cpp">
      <Filter>World\Component</Filter>
    </ClCompile>
    <ClCompile Include="TerrainSystem.cpp">
      <Filter>World\System</Filter>
    </ClCompile>
    <ClCompile Include="VBO.cpp">
      <Filter>World\Component</Filter>
    </ClCompile>
    <ClCompile Include="Player.cpp">
      <Filter>World\Component</Filter>
    </ClCompile>
    <ClCompile Include="PlayerSystem.cpp">
      <Filter>World\System</Filter>
    </ClCompile>
    <ClCompile Include="RenderSystem.cpp">
      <Filter>World\System</Filter>
    </ClCompile>
    <ClCompile Include="MovementSystem.cpp">
      <Filter>World\System</Filter>
    </ClCompile>
    <ClCompile Include="Movement.cpp">
      <Filter>World\Component</Filter>
    </ClCompile>
    <ClCompile Include="Road.cpp">
      <Filter>World\Component</Filter>
    </ClCompile>
    <ClCompile Include="Droplet.cpp">
      <Filter>World\Erosion</Filter>
    </ClCompile>
    <ClCompile Include="ThermalCell.cpp">
      <Filter>World\Erosion</Filter>
    </ClCompile>
    <ClCompile Include="WaterCell.cpp">
      <Filter>World\Erosion</Filter>
    </ClCompile>
    <ClCompile Include="Tag.cpp">
      <Filter>World\Component</Filter>
    </ClCompile>
    <ClCompile Include="GuiEntityManager.cpp">
      <Filter>GUI</Filter>
    </ClCompile>
    <ClCompile Include="ConversionUtil.cpp">
      <Filter>Utility</Filter>
    </ClCompile>
    <ClCompile Include="Utility.cpp">
      <Filter>Utility</Filter>
    </ClCompile>
    <ClCompile Include="WorldSystem.cpp">
      <Filter>World\System</Filter>
    </ClCompile>
    <ClCompile Include="ISerialization.cpp">
      <Filter>Utility\Serialization</Filter>
    </ClCompile>
    <ClCompile Include="JSON.cpp">
      <Filter>Utility\Serialization</Filter>
    </ClCompile>
    <ClCompile Include="JsonParser.cpp">
      <Filter>Utility\Serialization</Filter>
    </ClCompile>
    <ClCompile Include="Model.cpp">
      <Filter>World\Component</Filter>
    </ClCompile>
    <ClCompile Include="Delegate.cpp">
      <Filter>World\Component</Filter>
    </ClCompile>
    <ClCompile Include="PositionNormalTextureVBO.cpp">
      <Filter>World\Component</Filter>
    </ClCompile>
    <ClCompile Include="GuiEventHandler.cpp">
      <Filter>GUI\Component</Filter>
    </ClCompile>
    <ClCompile Include="GuiPanel.cpp">
      <Filter>GUI\Component</Filter>
    </ClCompile>
    <ClCompile Include="GuiStyle.cpp">
      <Filter>GUI\Component</Filter>
    </ClCompile>
    <ClCompile Include="GuiText.cpp">
      <Filter>GUI\Component</Filter>
    </ClCompile>
    <ClCompile Include="Sprite.cpp">
      <Filter>GUI\Component</Filter>
    </ClCompile>
    <ClCompile Include="GuiChildren.cpp">
      <Filter>GUI\Component</Filter>
    </ClCompile>
    <ClCompile Include="GuiSystem.cpp">
      <Filter>GUI\System</Filter>
    </ClCompile>
    <ClCompile Include="BaseEntityManager.cpp">
      <Filter>ECS</Filter>
    </ClCompile>
    <ClCompile Include="Entity.cpp">
      <Filter>ECS</Filter>
    </ClCompile>
    <ClCompile Include="Component.cpp">
      <Filter>ECS</Filter>
    </ClCompile>
    <ClCompile Include="PersistenceEntityManager.cpp">
      <Filter>ECS</Filter>
    </ClCompile>
    <ClCompile Include="WorldEntityManager.cpp">
      <Filter>World</Filter>
    </ClCompile>
    <ClCompile Include="SystemManager.cpp">
      <Filter>ECS</Filter>
    </ClCompile>
    <ClCompile Include="System.cpp">
      <Filter>ECS</Filter>
    </ClCompile>
    <ClCompile Include="ModelAsset.cpp">
      <Filter>Assets\Component</Filter>
    </ClCompile>
    <ClCompile Include="AssetEntityManager.cpp">
      <Filter>Assets</Filter>
    </ClCompile>
    <ClCompile Include="AssetManager.cpp">
      <Filter>Assets</Filter>
    </ClCompile>
    <ClCompile Include="NameGenerator.cpp">
      <Filter>Utility\Procedural</Filter>
    </ClCompile>
    <ClCompile Include="ProUtil.cpp">
      <Filter>Utility\Procedural</Filter>
    </ClCompile>
    <ClCompile Include="Bezier.cpp">
      <Filter>Utility\Math</Filter>
    </ClCompile>
    <ClCompile Include="HeightMap.cpp">
      <Filter>Utility\Data</Filter>
    </ClCompile>
    <ClCompile Include="TopologyCruncher.cpp">
      <Filter>Utility\Procedural</Filter>
    </ClCompile>
    <ClCompile Include="VboParser.cpp">
      <Filter>Utility\Serialization</Filter>
    </ClCompile>
    <ClCompile Include="TaskThread.cpp">
      <Filter>Misc</Filter>
    </ClCompile>
    <ClCompile Include="ModelManager.cpp">
      <Filter>Misc</Filter>
    </ClCompile>
    <ClCompile Include="TreeGenerator.cpp">
      <Filter>World\Generator\Tree</Filter>
    </ClCompile>
    <ClCompile Include="TreeBranch.cpp">
      <Filter>World\Generator\Tree</Filter>
    </ClCompile>
    <ClCompile Include="ActionSystem.cpp">
      <Filter>World\System</Filter>
    </ClCompile>
    <ClCompile Include="Action.cpp">
      <Filter>World\Component</Filter>
    </ClCompile>
    <ClCompile Include="Box.cpp">
      <Filter>Utility\Geometry</Filter>
    </ClCompile>
    <ClCompile Include="Line.cpp">
      <Filter>Utility\Geometry</Filter>
    </ClCompile>
    <ClCompile Include="CubicSpline.cpp">
      <Filter>Utility\Math</Filter>
    </ClCompile>
    <ClCompile Include="IEventManager.cpp">
      <Filter>Events</Filter>
    </ClCompile>
    <ClCompile Include="EntityRegion.cpp">
      <Filter>World\Component</Filter>
    </ClCompile>
    <ClCompile Include="Collision.cpp">
      <Filter>World\Component</Filter>
    </ClCompile>
    <ClCompile Include="CollisionSystem.cpp">
      <Filter>World\System</Filter>
    </ClCompile>
    <ClCompile Include="CustomEffect.cpp" />
    <ClCompile Include="SoundSystem.cpp">
      <Filter>World\System</Filter>
    </ClCompile>
    <ClCompile Include="SoundAsset.cpp">
      <Filter>Assets\Component</Filter>
    </ClCompile>
    <ClCompile Include="BuildingGenerator.cpp">
      <Filter>World\Generator\Building</Filter>
    </ClCompile>
    <ClCompile Include="BuildingVoxel.cpp">
      <Filter>World\Generator\Building</Filter>
    </ClCompile>
    <ClCompile Include="Building.cpp">
      <Filter>World\Component</Filter>
    </ClCompile>
    <ClCompile Include="Room.cpp">
      <Filter>World\Generator\Building</Filter>
    </ClCompile>
    <ClCompile Include="Rectangle.cpp">
      <Filter>World\Generator\Building</Filter>
    </ClCompile>
    <ClCompile Include="BuildingSystem.cpp">
      <Filter>World\System</Filter>
    </ClCompile>
    <ClCompile Include="PathID.cpp">
      <Filter>Assets\Component</Filter>
    </ClCompile>
    <ClCompile Include="CompositeModel.cpp" />
    <ClCompile Include="Geometry.cpp">
      <Filter>Utility\Geometry</Filter>
    </ClCompile>
    <ClCompile Include="Task.cpp">
      <Filter>Threading</Filter>
    </ClCompile>
    <ClCompile Include="TaskManager.cpp">
      <Filter>Threading</Filter>
    </ClCompile>
    <ClCompile Include="WorkerThread.cpp">
      <Filter>Threading</Filter>
    </ClCompile>
    <ClCompile Include="World.cpp">
      <Filter>World</Filter>
    </ClCompile>
    <ClCompile Include="Item.cpp">
      <Filter>Assets\Component</Filter>
    </ClCompile>
    <ClCompile Include="Inventory.cpp">
      <Filter>World\Component</Filter>
    </ClCompile>
    <ClCompile Include="ItemSystem.cpp">
      <Filter>World\System</Filter>
    </ClCompile>
    <ClCompile Include="PositionNormalTextureTangentColorVBO.cpp" />
    <ClCompile Include="PlantSystem.cpp" />
    <ClCompile Include="CustomModelLoadVBO.cpp">
      <Filter>Utility\Serialization</Filter>
    </ClCompile>
  </ItemGroup>
  <ItemGroup>
    <ResourceCompile Include="Procedural-RPG.rc">
      <Filter>VS</Filter>
    </ResourceCompile>
    <ResourceCompile Include="resource.rc">
      <Filter>VS</Filter>
    </ResourceCompile>
  </ItemGroup>
  <ItemGroup>
    <None Include="config\city.json">
      <Filter>Config</Filter>
    </None>
    <None Include="config\continent.json">
      <Filter>Config</Filter>
    </None>
    <None Include="config\history.json">
      <Filter>Config</Filter>
    </None>
    <None Include="config\building.json">
      <Filter>Config</Filter>
    </None>
    <None Include="packages.config">
      <Filter>VS</Filter>
    </None>
    <None Include="config\WorldEntityManager.json">
      <Filter>Config</Filter>
    </None>
  </ItemGroup>
  <ItemGroup>
    <FxCompile Include="Assets\Shaders\Water.hlsl">
      <Filter>Assets\Shaders</Filter>
    </FxCompile>
    <FxCompile Include="Assets\Shaders\Terrain.hlsl">
      <Filter>Assets\Shaders</Filter>
    </FxCompile>
    <FxCompile Include="Assets\Shaders\Wood.hlsl">
      <Filter>Assets\Shaders</Filter>
    </FxCompile>
    <FxCompile Include="Assets\Shaders\Test.hlsl">
      <Filter>Assets\Shaders</Filter>
    </FxCompile>
  </ItemGroup>
  <ItemGroup>
    <ImageContentTask Include="Assets\Textures\dirt.png">
      <Filter>Assets\Textures</Filter>
    </ImageContentTask>
    <ImageContentTask Include="Assets\Textures\grass.png">
      <Filter>Assets\Textures</Filter>
    </ImageContentTask>
    <ImageContentTask Include="Assets\Textures\snow.png">
      <Filter>Assets\Textures</Filter>
    </ImageContentTask>
    <ImageContentTask Include="Assets\Textures\stone.png">
      <Filter>Assets\Textures</Filter>
    </ImageContentTask>
    <ImageContentTask Include="Assets\Textures\water.png">
      <Filter>Assets\Textures</Filter>
    </ImageContentTask>
    <ImageContentTask Include="Assets\Textures\leaves.png">
      <Filter>Assets\Textures</Filter>
    </ImageContentTask>
    <ImageContentTask Include="Assets\Textures\leaves2.png">
      <Filter>Assets\Textures</Filter>
    </ImageContentTask>
    <ImageContentTask Include="Assets\Textures\wood.png">
      <Filter>Assets\Textures</Filter>
    </ImageContentTask>
    <ImageContentTask Include="Assets\Textures\Building\interior_paint.png">
      <Filter>Assets</Filter>
    </ImageContentTask>
  </ItemGroup>
  <ItemGroup>
    <MeshContentTask Include="Assets\Models\Tree.fbx">
      <Filter>Assets\Models</Filter>
    </MeshContentTask>
    <MeshContentTask Include="Assets\Models\Cube.fbx">
      <Filter>Assets\Models</Filter>
    </MeshContentTask>
    <MeshContentTask Include="Assets\Models\Building\models-building-corner0_0.fbx">
      <Filter>Assets\Models</Filter>
    </MeshContentTask>
    <MeshContentTask Include="Assets\Models\Building\models-building-floor0_0.fbx">
      <Filter>Assets\Models</Filter>
    </MeshContentTask>
    <MeshContentTask Include="Assets\Models\Building\models-building-wall0_0.fbx">
      <Filter>Assets\Models</Filter>
    </MeshContentTask>
  </ItemGroup>
  <ItemGroup>
    <Image Include="directx.ico">
      <Filter>Assets\Textures</Filter>
    </Image>
    <Image Include="Assets\Textures\Item\logs.png">
      <Filter>Assets\Textures</Filter>
    </Image>
    <Image Include="Assets\Textures\test.png">
      <Filter>Assets\Textures</Filter>
    </Image>
  </ItemGroup>
  <ItemGroup>
    <Manifest Include="settings.manifest">
      <Filter>VS</Filter>
    </Manifest>
  </ItemGroup>
</Project>