<?xml version="1.0" encoding="utf-8"?>
<Project ToolsVersion="4.0" xmlns="http://schemas.microsoft.com/developer/msbuild/2003">
  <ItemGroup>
    <Filter Include="Assets">
      <UniqueIdentifier>6ec901b1-143f-443d-ad17-b121362b06b0</UniqueIdentifier>
      <Extensions>ico;cur;bmp;dds;dlg;fbx;rct;bin;rgs;gif;jpg;jpeg;jpe;resx;tga;tiff;tif;png;wav;mfcribbon-ms</Extensions>
    </Filter>
  </ItemGroup>
  <ItemGroup>
    <ClInclude Include="pch.h" />
    <ClInclude Include="Game.h" />
    <ClInclude Include="StepTimer.h" />
    <ClInclude Include="CircularArray.h" />
    <ClInclude Include="Distribution.h" />
    <ClInclude Include="Entity.h" />
    <ClInclude Include="NPC.h" />
    <ClInclude Include="Player.h" />
    <ClInclude Include="Region.h" />
    <ClInclude Include="Utility.h" />
    <ClInclude Include="World.h" />
    <ClInclude Include="ReadData.h" />
  </ItemGroup>
  <ItemGroup>
    <ClCompile Include="pch.cpp" />
    <ClCompile Include="Game.cpp" />
    <ClCompile Include="Main.cpp" />
    <ClCompile Include="CircularArray.cpp" />
    <ClCompile Include="Distribution.cpp" />
    <ClCompile Include="Entity.cpp" />
    <ClCompile Include="NPC.cpp" />
    <ClCompile Include="Player.cpp" />
    <ClCompile Include="Region.cpp" />
    <ClCompile Include="Utility.cpp" />
    <ClCompile Include="World.cpp" />
  </ItemGroup>
  <ItemGroup>
    <ResourceCompile Include="resource.rc" />
  </ItemGroup>
  <ItemGroup>
    <Image Include="directx.ico">
      <Filter>Assets</Filter>
    </Image>
    <Image Include="Texture.DDS">
      <Filter>Assets</Filter>
    </Image>
  </ItemGroup>
  <ItemGroup>
    <Manifest Include="settings.manifest">
      <Filter>Assets</Filter>
    </Manifest>
  </ItemGroup>
  <ItemGroup>
    <None Include="packages.config" />
    <None Include="myfile.spritefont" />
    <None Include="saves\testWorld\terrain.bin">
      <Filter>Assets</Filter>
    </None>
    <None Include="Color.cso" />
  </ItemGroup>
  <ItemGroup>
    <ShaderGraphContentTask Include="MyDGSLShader.dgsl" />
    <ShaderGraphContentTask Include="Color.dgsl" />
  </ItemGroup>
</Project>