<?xml version="1.0" encoding="utf-8"?>
<Project ToolsVersion="4.0" xmlns="http://schemas.microsoft.com/developer/msbuild/2003">
  <ItemGroup>
    <Filter Include="Assets">
      <UniqueIdentifier>6ec901b1-143f-443d-ad17-b121362b06b0</UniqueIdentifier>
      <Extensions>ico;cur;bmp;dds;dlg;fbx;rct;bin;rgs;gif;jpg;jpeg;jpe;resx;tga;tiff;tif;png;wav;mfcribbon-ms</Extensions>
    </Filter>
    <Filter Include="Config">
      <UniqueIdentifier>{a0034a97-ab0a-4b02-9196-ded993123651}</UniqueIdentifier>
    </Filter>
    <Filter Include="Shaders">
      <UniqueIdentifier>{4193cb6b-1cd8-46be-b2c7-a128ba331711}</UniqueIdentifier>
    </Filter>
    <Filter Include="Architecture">
      <UniqueIdentifier>{7d4a7142-fe88-42a1-9c1c-d8d5f51b2207}</UniqueIdentifier>
    </Filter>
    <Filter Include="Entity Component System">
      <UniqueIdentifier>{0988f6f3-042f-45de-8314-0bc9ab07cf31}</UniqueIdentifier>
    </Filter>
    <Filter Include="Entity Component System\Systems">
      <UniqueIdentifier>{a7ef02a3-7c21-49bc-91b0-981389588382}</UniqueIdentifier>
    </Filter>
    <Filter Include="Entity Component System\Events">
      <UniqueIdentifier>{7f24de4f-3487-4219-8679-00a1428136b1}</UniqueIdentifier>
    </Filter>
    <Filter Include="Filesystem">
      <UniqueIdentifier>{bcbdf428-3a00-4135-94d1-ddd69ca4d3be}</UniqueIdentifier>
    </Filter>
    <Filter Include="Entity Component System\Components">
      <UniqueIdentifier>{4150576b-b7a0-424e-b96a-08926646b170}</UniqueIdentifier>
    </Filter>
    <Filter Include="Erosion">
      <UniqueIdentifier>{2219550b-d286-4105-b484-2b7184c72a03}</UniqueIdentifier>
    </Filter>
    <Filter Include="models">
      <UniqueIdentifier>{1b6b32fb-6beb-42a6-ae40-5b156c1af3d7}</UniqueIdentifier>
    </Filter>
    <Filter Include="textures">
      <UniqueIdentifier>{4528db37-5026-4770-b8bc-da90a4383f75}</UniqueIdentifier>
    </Filter>
    <Filter Include="GUI">
      <UniqueIdentifier>{a63a9288-0b2a-4052-a556-095f908cc277}</UniqueIdentifier>
    </Filter>
  </ItemGroup>
  <ItemGroup>
    <ClInclude Include="pch.h" />
    <ClInclude Include="Game.h" />
    <ClInclude Include="StepTimer.h" />
    <ClInclude Include="Distribution.h" />
    <ClInclude Include="Region.h" />
    <ClInclude Include="Utility.h" />
    <ClInclude Include="World.h" />
    <ClInclude Include="ReadData.h" />
    <ClInclude Include="NameGenerator.h" />
    <ClInclude Include="IdHandler.h" />
    <ClInclude Include="JsonParser.h" />
    <ClInclude Include="Building.h">
      <Filter>Architecture</Filter>
    </ClInclude>
    <ClInclude Include="Line.h">
      <Filter>Architecture</Filter>
    </ClInclude>
    <ClInclude Include="Rectangle.h">
      <Filter>Architecture</Filter>
    </ClInclude>
    <ClInclude Include="Voxel.h">
      <Filter>Architecture</Filter>
    </ClInclude>
    <ClInclude Include="Room.h">
      <Filter>Architecture</Filter>
    </ClInclude>
    <ClInclude Include="JSON.h" />
    <ClInclude Include="ModelManager.h" />
    <ClInclude Include="Entity.h">
      <Filter>Entity Component System</Filter>
    </ClInclude>
    <ClInclude Include="ISerialization.h" />
    <ClInclude Include="EntityManager.h">
      <Filter>Entity Component System</Filter>
    </ClInclude>
    <ClInclude Include="Filesystem.h">
      <Filter>Filesystem</Filter>
    </ClInclude>
    <ClInclude Include="VectorMap.h" />
    <ClInclude Include="Component.h">
      <Filter>Entity Component System\Components</Filter>
    </ClInclude>
    <ClInclude Include="Position.h">
      <Filter>Entity Component System\Components</Filter>
    </ClInclude>
    <ClInclude Include="Terrain.h">
      <Filter>Entity Component System\Components</Filter>
    </ClInclude>
    <ClInclude Include="System.h">
      <Filter>Entity Component System\Systems</Filter>
    </ClInclude>
    <ClInclude Include="SystemManager.h">
      <Filter>Entity Component System\Systems</Filter>
    </ClInclude>
    <ClInclude Include="TerrainSystem.h">
      <Filter>Entity Component System\Systems</Filter>
    </ClInclude>
    <ClInclude Include="VBO.h">
      <Filter>Entity Component System\Components</Filter>
    </ClInclude>
    <ClInclude Include="Player.h">
      <Filter>Entity Component System\Components</Filter>
    </ClInclude>
    <ClInclude Include="PlayerSystem.h">
      <Filter>Entity Component System\Systems</Filter>
    </ClInclude>
    <ClInclude Include="RenderSystem.h">
      <Filter>Entity Component System\Systems</Filter>
    </ClInclude>
    <ClInclude Include="MovementSystem.h">
      <Filter>Entity Component System\Systems</Filter>
    </ClInclude>
    <ClInclude Include="Movement.h">
      <Filter>Entity Component System\Components</Filter>
    </ClInclude>
    <ClInclude Include="TaskThread.h" />
    <ClInclude Include="resource1.h" />
    <ClInclude Include="Road.h">
      <Filter>Entity Component System\Components</Filter>
    </ClInclude>
    <ClInclude Include="ProUtil.h" />
    <ClInclude Include="Map.h" />
    <ClInclude Include="HeightMap.h" />
    <ClInclude Include="Droplet.h">
      <Filter>Erosion</Filter>
    </ClInclude>
    <ClInclude Include="ThermalCell.h">
      <Filter>Erosion</Filter>
    </ClInclude>
    <ClInclude Include="Stratum.h" />
    <ClInclude Include="WaterCell.h">
      <Filter>Erosion</Filter>
    </ClInclude>
    <ClInclude Include="Tag.h">
      <Filter>Entity Component System\Components</Filter>
    </ClInclude>
    <ClInclude Include="ConversionUtil.h" />
    <ClInclude Include="AssetManager.h" />
    <ClInclude Include="Model.h">
      <Filter>Entity Component System\Components</Filter>
    </ClInclude>
    <ClInclude Include="MathConstants.h" />
    <ClInclude Include="BaseEntityManager.h" />
    <ClInclude Include="GuiSystem.h">
      <Filter>Entity Component System\Systems</Filter>
    </ClInclude>
    <ClInclude Include="GuiEntityManager.h">
      <Filter>GUI</Filter>
    </ClInclude>
    <ClInclude Include="GuiPanel.h">
      <Filter>GUI</Filter>
    </ClInclude>
    <ClInclude Include="GuiStyle.h">
      <Filter>GUI</Filter>
    </ClInclude>
    <ClInclude Include="GuiChildren.h">
      <Filter>GUI</Filter>
    </ClInclude>
    <ClInclude Include="Sprite.h" />
    <ClInclude Include="WorldSystem.h" />
    <ClInclude Include="GuiText.h">
      <Filter>GUI</Filter>
    </ClInclude>
    <ClInclude Include="GuiEventHandler.h">
      <Filter>GUI</Filter>
    </ClInclude>
  </ItemGroup>
  <ItemGroup>
    <ClCompile Include="pch.cpp" />
    <ClCompile Include="Game.cpp" />
    <ClCompile Include="Main.cpp" />
    <ClCompile Include="Distribution.cpp" />
    <ClCompile Include="Region.cpp" />
    <ClCompile Include="Utility.cpp" />
    <ClCompile Include="World.cpp" />
    <ClCompile Include="NameGenerator.cpp" />
    <ClCompile Include="IdHandler.cpp" />
    <ClCompile Include="JsonParser.cpp" />
    <ClCompile Include="Building.cpp">
      <Filter>Architecture</Filter>
    </ClCompile>
    <ClCompile Include="Line.cpp">
      <Filter>Architecture</Filter>
    </ClCompile>
    <ClCompile Include="Rectangle.cpp">
      <Filter>Architecture</Filter>
    </ClCompile>
    <ClCompile Include="Voxel.cpp">
      <Filter>Architecture</Filter>
    </ClCompile>
    <ClCompile Include="Room.cpp">
      <Filter>Architecture</Filter>
    </ClCompile>
    <ClCompile Include="JSON.cpp" />
    <ClCompile Include="ModelManager.cpp" />
    <ClCompile Include="Entity.cpp">
      <Filter>Entity Component System</Filter>
    </ClCompile>
    <ClCompile Include="ISerialization.cpp" />
    <ClCompile Include="EntityManager.cpp">
      <Filter>Entity Component System</Filter>
    </ClCompile>
    <ClCompile Include="Filesystem.cpp">
      <Filter>Filesystem</Filter>
    </ClCompile>
    <ClCompile Include="VectorMap.cpp" />
    <ClCompile Include="Component.cpp">
      <Filter>Entity Component System\Components</Filter>
    </ClCompile>
    <ClCompile Include="Position.cpp">
      <Filter>Entity Component System\Components</Filter>
    </ClCompile>
    <ClCompile Include="Terrain.cpp">
      <Filter>Entity Component System\Components</Filter>
    </ClCompile>
    <ClCompile Include="System.cpp">
      <Filter>Entity Component System\Systems</Filter>
    </ClCompile>
    <ClCompile Include="SystemManager.cpp">
      <Filter>Entity Component System\Systems</Filter>
    </ClCompile>
    <ClCompile Include="TerrainSystem.cpp">
      <Filter>Entity Component System\Systems</Filter>
    </ClCompile>
    <ClCompile Include="VBO.cpp">
      <Filter>Entity Component System\Components</Filter>
    </ClCompile>
    <ClCompile Include="Player.cpp">
      <Filter>Entity Component System\Components</Filter>
    </ClCompile>
    <ClCompile Include="PlayerSystem.cpp">
      <Filter>Entity Component System\Systems</Filter>
    </ClCompile>
    <ClCompile Include="RenderSystem.cpp">
      <Filter>Entity Component System\Systems</Filter>
    </ClCompile>
    <ClCompile Include="MovementSystem.cpp">
      <Filter>Entity Component System\Systems</Filter>
    </ClCompile>
    <ClCompile Include="Movement.cpp">
      <Filter>Entity Component System\Components</Filter>
    </ClCompile>
    <ClCompile Include="TaskThread.cpp" />
    <ClCompile Include="Road.cpp">
      <Filter>Entity Component System\Components</Filter>
    </ClCompile>
    <ClCompile Include="ProUtil.cpp" />
    <ClCompile Include="HeightMap.cpp" />
    <ClCompile Include="Droplet.cpp">
      <Filter>Erosion</Filter>
    </ClCompile>
    <ClCompile Include="ThermalCell.cpp">
      <Filter>Erosion</Filter>
    </ClCompile>
    <ClCompile Include="Stratum.cpp" />
    <ClCompile Include="WaterCell.cpp">
      <Filter>Erosion</Filter>
    </ClCompile>
    <ClCompile Include="Tag.cpp">
      <Filter>Entity Component System\Components</Filter>
    </ClCompile>
    <ClCompile Include="ConversionUtil.cpp" />
    <ClCompile Include="AssetManager.cpp" />
    <ClCompile Include="Model.cpp" />
    <ClCompile Include="BaseEntityManager.cpp" />
    <ClCompile Include="GuiSystem.cpp">
      <Filter>Entity Component System\Systems</Filter>
    </ClCompile>
    <ClCompile Include="GuiEntityManager.cpp">
      <Filter>GUI</Filter>
    </ClCompile>
    <ClCompile Include="GuiPanel.cpp">
      <Filter>GUI</Filter>
    </ClCompile>
    <ClCompile Include="GuiChildren.cpp">
      <Filter>GUI</Filter>
    </ClCompile>
    <ClCompile Include="GuiStyle.cpp">
      <Filter>GUI</Filter>
    </ClCompile>
    <ClCompile Include="Sprite.cpp" />
    <ClCompile Include="WorldSystem.cpp" />
    <ClCompile Include="GuiEventHandler.cpp">
      <Filter>GUI</Filter>
    </ClCompile>
    <ClCompile Include="GuiText.cpp">
      <Filter>GUI</Filter>
    </ClCompile>
  </ItemGroup>
  <ItemGroup>
    <ResourceCompile Include="resource.rc" />
    <ResourceCompile Include="Procedural-RPG.rc" />
  </ItemGroup>
  <ItemGroup>
    <Image Include="directx.ico">
      <Filter>Assets</Filter>
    </Image>
  </ItemGroup>
  <ItemGroup>
    <Manifest Include="settings.manifest">
      <Filter>Assets</Filter>
    </Manifest>
  </ItemGroup>
  <ItemGroup>
    <None Include="myfile.spritefont" />
    <None Include="saves\testWorld\terrain.bin">
      <Filter>Assets</Filter>
    </None>
    <None Include="config\city.json">
      <Filter>Config</Filter>
    </None>
    <None Include="config\continent.json">
      <Filter>Config</Filter>
    </None>
    <None Include="config\history.json">
      <Filter>Config</Filter>
    </None>
    <None Include="config\building.json">
      <Filter>Config</Filter>
    </None>
    <None Include="packages.config" />
    <None Include="config\components.json" />
  </ItemGroup>
  <ItemGroup>
    <FxCompile Include="Assets\Shaders\Terrain.hlsl">
      <Filter>Shaders</Filter>
    </FxCompile>
    <FxCompile Include="Assets\Shaders\Water.hlsl">
      <Filter>Shaders</Filter>
    </FxCompile>
  </ItemGroup>
  <ItemGroup>
    <ImageContentTask Include="Assets\Textures\dirt.png">
      <Filter>textures</Filter>
    </ImageContentTask>
    <ImageContentTask Include="Assets\Textures\grass.png">
      <Filter>textures</Filter>
    </ImageContentTask>
    <ImageContentTask Include="Assets\Textures\snow.png">
      <Filter>textures</Filter>
    </ImageContentTask>
    <ImageContentTask Include="Assets\Textures\stone.png">
      <Filter>textures</Filter>
    </ImageContentTask>
    <ImageContentTask Include="Assets\Textures\water.png">
      <Filter>textures</Filter>
    </ImageContentTask>
    <ImageContentTask Include="Assets\Textures\leaves.png">
      <Filter>textures</Filter>
    </ImageContentTask>
    <ImageContentTask Include="Assets\Textures\leaves2.png">
      <Filter>textures</Filter>
    </ImageContentTask>
    <ImageContentTask Include="Assets\Textures\wood.png">
      <Filter>textures</Filter>
    </ImageContentTask>
  </ItemGroup>
  <ItemGroup>
    <MeshContentTask Include="Assets\Models\Tree.fbx">
      <Filter>models</Filter>
    </MeshContentTask>
  </ItemGroup>
</Project>